// !$*UTF8*$!
{
	archiveVersion = 1;
	classes = {
	};
	objectVersion = 56;
	objects = {

/* Begin PBXBuildFile section */
		4E0D441B2C4784E100A21E9C /* TestTextEditor.swift in Sources */ = {isa = PBXBuildFile; fileRef = 4E0D441A2C4784E100A21E9C /* TestTextEditor.swift */; };
		4E0D441D2C47898300A21E9C /* TestPicker.swift in Sources */ = {isa = PBXBuildFile; fileRef = 4E0D441C2C47898300A21E9C /* TestPicker.swift */; };
		4E0D4AB52C833EC000A8EA0D /* NetworkTestView.swift in Sources */ = {isa = PBXBuildFile; fileRef = 4E0D4AB42C833EC000A8EA0D /* NetworkTestView.swift */; };
		4E0D4AB72C833ED300A8EA0D /* NetworkTestViewModel.swift in Sources */ = {isa = PBXBuildFile; fileRef = 4E0D4AB62C833ED300A8EA0D /* NetworkTestViewModel.swift */; };
		4E1694612C820B730021F5B5 /* BackgroundThreadTestView.swift in Sources */ = {isa = PBXBuildFile; fileRef = 4E1694602C820B730021F5B5 /* BackgroundThreadTestView.swift */; };
		4E1694632C820B810021F5B5 /* BackgroundThreadTestViewModel.swift in Sources */ = {isa = PBXBuildFile; fileRef = 4E1694622C820B810021F5B5 /* BackgroundThreadTestViewModel.swift */; };
		4E1C9E4E2C79A22C0058D1EC /* HashableTest.swift in Sources */ = {isa = PBXBuildFile; fileRef = 4E1C9E4D2C79A22C0058D1EC /* HashableTest.swift */; };
		4E1C9E522C79A8350058D1EC /* SearchSortTest.swift in Sources */ = {isa = PBXBuildFile; fileRef = 4E1C9E512C79A8350058D1EC /* SearchSortTest.swift */; };
		4E4962DA2C398AC3004A0532 /* SwiftUI_BeginnerApp.swift in Sources */ = {isa = PBXBuildFile; fileRef = 4E4962D92C398AC3004A0532 /* SwiftUI_BeginnerApp.swift */; };
		4E4962DC2C398AC3004A0532 /* ContentView.swift in Sources */ = {isa = PBXBuildFile; fileRef = 4E4962DB2C398AC3004A0532 /* ContentView.swift */; };
		4E4962DE2C398AC4004A0532 /* Assets.xcassets in Resources */ = {isa = PBXBuildFile; fileRef = 4E4962DD2C398AC4004A0532 /* Assets.xcassets */; };
		4E4962E22C398AC4004A0532 /* Preview Assets.xcassets in Resources */ = {isa = PBXBuildFile; fileRef = 4E4962E12C398AC4004A0532 /* Preview Assets.xcassets */; };
		4E4962EC2C398AC5004A0532 /* SwiftUI_BeginnerTests.swift in Sources */ = {isa = PBXBuildFile; fileRef = 4E4962EB2C398AC5004A0532 /* SwiftUI_BeginnerTests.swift */; };
		4E4962F62C398AC5004A0532 /* SwiftUI_BeginnerUITests.swift in Sources */ = {isa = PBXBuildFile; fileRef = 4E4962F52C398AC5004A0532 /* SwiftUI_BeginnerUITests.swift */; };
		4E4962F82C398AC5004A0532 /* SwiftUI_BeginnerUITestsLaunchTests.swift in Sources */ = {isa = PBXBuildFile; fileRef = 4E4962F72C398AC5004A0532 /* SwiftUI_BeginnerUITestsLaunchTests.swift */; };
		4E4963052C398C5B004A0532 /* TestText.swift in Sources */ = {isa = PBXBuildFile; fileRef = 4E4963042C398C5B004A0532 /* TestText.swift */; };
		4E4963072C3A46E5004A0532 /* TestShape.swift in Sources */ = {isa = PBXBuildFile; fileRef = 4E4963062C3A46E5004A0532 /* TestShape.swift */; };
		4E4963092C3A4BB5004A0532 /* TestColor.swift in Sources */ = {isa = PBXBuildFile; fileRef = 4E4963082C3A4BB5004A0532 /* TestColor.swift */; };
		4E49630B2C3A52C1004A0532 /* TestGradient.swift in Sources */ = {isa = PBXBuildFile; fileRef = 4E49630A2C3A52C1004A0532 /* TestGradient.swift */; };
		4E49630D2C3A5B2F004A0532 /* TestIcon.swift in Sources */ = {isa = PBXBuildFile; fileRef = 4E49630C2C3A5B2F004A0532 /* TestIcon.swift */; };
		4E49630F2C3A5E3F004A0532 /* TestImage.swift in Sources */ = {isa = PBXBuildFile; fileRef = 4E49630E2C3A5E3F004A0532 /* TestImage.swift */; };
		4E547A792C60A4E900EF8DF7 /* NavigationStackTest.swift in Sources */ = {isa = PBXBuildFile; fileRef = 4E547A782C60A4E900EF8DF7 /* NavigationStackTest.swift */; };
		4E547A7B2C60A50400EF8DF7 /* NavStackScreen2.swift in Sources */ = {isa = PBXBuildFile; fileRef = 4E547A7A2C60A50400EF8DF7 /* NavStackScreen2.swift */; };
		4E547A7D2C60A51000EF8DF7 /* NavStackScreen3.swift in Sources */ = {isa = PBXBuildFile; fileRef = 4E547A7C2C60A51000EF8DF7 /* NavStackScreen3.swift */; };
		4E6984BE2C40E1BF006550B5 /* TestExtraction.swift in Sources */ = {isa = PBXBuildFile; fileRef = 4E6984BD2C40E1BF006550B5 /* TestExtraction.swift */; };
		4E6984C02C40FA68006550B5 /* TestConditional.swift in Sources */ = {isa = PBXBuildFile; fileRef = 4E6984BF2C40FA68006550B5 /* TestConditional.swift */; };
		4E6A686F2C48DDC7009C8C0C /* TabTest.swift in Sources */ = {isa = PBXBuildFile; fileRef = 4E6A686E2C48DDC7009C8C0C /* TabTest.swift */; };
		4E6F57BE2C3FA24100B83630 /* TestButton.swift in Sources */ = {isa = PBXBuildFile; fileRef = 4E6F57BD2C3FA24100B83630 /* TestButton.swift */; };
		4E6F57C02C3FA98B00B83630 /* TestState.swift in Sources */ = {isa = PBXBuildFile; fileRef = 4E6F57BF2C3FA98B00B83630 /* TestState.swift */; };
		4E749A6F2C84B933007C543F /* PostDetailsScreen.swift in Sources */ = {isa = PBXBuildFile; fileRef = 4E749A6E2C84B933007C543F /* PostDetailsScreen.swift */; };
		4E76E0BC2C68CBB2004EBA79 /* NavigationStackHome.swift in Sources */ = {isa = PBXBuildFile; fileRef = 4E76E0BB2C68CBB2004EBA79 /* NavigationStackHome.swift */; };
		4E76E0BE2C68CBBF004EBA79 /* NavigationStackConvert.swift in Sources */ = {isa = PBXBuildFile; fileRef = 4E76E0BD2C68CBBF004EBA79 /* NavigationStackConvert.swift */; };
		4E76E0C02C68CBCB004EBA79 /* NavigationStackOutput.swift in Sources */ = {isa = PBXBuildFile; fileRef = 4E76E0BF2C68CBCB004EBA79 /* NavigationStackOutput.swift */; };
		4E76E0C22C68CE1D004EBA79 /* NavigationStackWithPathBinding.swift in Sources */ = {isa = PBXBuildFile; fileRef = 4E76E0C12C68CE1D004EBA79 /* NavigationStackWithPathBinding.swift */; };
		4E76E0C52C69268F004EBA79 /* ToolbarTest.swift in Sources */ = {isa = PBXBuildFile; fileRef = 4E76E0C42C69268F004EBA79 /* ToolbarTest.swift */; };
		4E76E0C72C693C1E004EBA79 /* PremiumVersionScreen.swift in Sources */ = {isa = PBXBuildFile; fileRef = 4E76E0C62C693C1E004EBA79 /* PremiumVersionScreen.swift */; };
		4E76E0C92C693D10004EBA79 /* MoreOptionScreen.swift in Sources */ = {isa = PBXBuildFile; fileRef = 4E76E0C82C693D10004EBA79 /* MoreOptionScreen.swift */; };
		4E7809AE2C6DB42A00ABD46F /* ScrollViewReaderTest.swift in Sources */ = {isa = PBXBuildFile; fileRef = 4E7809AD2C6DB42A00ABD46F /* ScrollViewReaderTest.swift */; };
		4E7809B02C6DB53B00ABD46F /* Extensions.swift in Sources */ = {isa = PBXBuildFile; fileRef = 4E7809AF2C6DB53B00ABD46F /* Extensions.swift */; };
		4E7809B22C6DBA5D00ABD46F /* ScreenNavigator.swift in Sources */ = {isa = PBXBuildFile; fileRef = 4E7809B12C6DBA5D00ABD46F /* ScreenNavigator.swift */; };
		4E7809B42C6DF73400ABD46F /* GeometryReaderTest.swift in Sources */ = {isa = PBXBuildFile; fileRef = 4E7809B32C6DF73400ABD46F /* GeometryReaderTest.swift */; };
		4E98968A2C6C6C49005DD7EB /* GridViewTest.swift in Sources */ = {isa = PBXBuildFile; fileRef = 4E9896892C6C6C49005DD7EB /* GridViewTest.swift */; };
		4E98968C2C6C9BB4005DD7EB /* GridTestHome.swift in Sources */ = {isa = PBXBuildFile; fileRef = 4E98968B2C6C9BB4005DD7EB /* GridTestHome.swift */; };
		4E98968E2C6C9CE3005DD7EB /* GridTestMagnification.swift in Sources */ = {isa = PBXBuildFile; fileRef = 4E98968D2C6C9CE3005DD7EB /* GridTestMagnification.swift */; };
		4E9896902C6C9D2A005DD7EB /* GridTestRotation.swift in Sources */ = {isa = PBXBuildFile; fileRef = 4E98968F2C6C9D2A005DD7EB /* GridTestRotation.swift */; };
		4E9896922C6C9D39005DD7EB /* GridTestDrag.swift in Sources */ = {isa = PBXBuildFile; fileRef = 4E9896912C6C9D39005DD7EB /* GridTestDrag.swift */; };
		4EA558BD2C59FC4E007EFEBB /* SwipeActionViewTest.swift in Sources */ = {isa = PBXBuildFile; fileRef = 4EA558BC2C59FC4E007EFEBB /* SwipeActionViewTest.swift */; };
		4EA558C02C59FFD7007EFEBB /* FocusStateViewTest.swift in Sources */ = {isa = PBXBuildFile; fileRef = 4EA558BF2C59FFD7007EFEBB /* FocusStateViewTest.swift */; };
		4EA558C22C5A06B5007EFEBB /* FocusStateViewModel.swift in Sources */ = {isa = PBXBuildFile; fileRef = 4EA558C12C5A06B5007EFEBB /* FocusStateViewModel.swift */; };
		4EA918422C46B8160004DEB8 /* TestAlert.swift in Sources */ = {isa = PBXBuildFile; fileRef = 4EA918412C46B8160004DEB8 /* TestAlert.swift */; };
		4EA918442C46DF1B0004DEB8 /* TestTextField.swift in Sources */ = {isa = PBXBuildFile; fileRef = 4EA918432C46DF1B0004DEB8 /* TestTextField.swift */; };
		4EB7F6A92C3E392200EC58CC /* InitializerTest.swift in Sources */ = {isa = PBXBuildFile; fileRef = 4EB7F6A82C3E392200EC58CC /* InitializerTest.swift */; };
		4EB7F6AB2C3E3E8300EC58CC /* ForEachTest.swift in Sources */ = {isa = PBXBuildFile; fileRef = 4EB7F6AA2C3E3E8300EC58CC /* ForEachTest.swift */; };
		4EB7F6AD2C3E41CF00EC58CC /* ScrollViewTest.swift in Sources */ = {isa = PBXBuildFile; fileRef = 4EB7F6AC2C3E41CF00EC58CC /* ScrollViewTest.swift */; };
		4EB7F6AF2C3E467200EC58CC /* GridTest.swift in Sources */ = {isa = PBXBuildFile; fileRef = 4EB7F6AE2C3E467200EC58CC /* GridTest.swift */; };
		4EB7F6B32C3E556F00EC58CC /* SafeAreaTest.swift in Sources */ = {isa = PBXBuildFile; fileRef = 4EB7F6B22C3E556F00EC58CC /* SafeAreaTest.swift */; };
		4EC4321A2C70A0BC002E6FC4 /* MaskTest.swift in Sources */ = {isa = PBXBuildFile; fileRef = 4EC432192C70A0BC002E6FC4 /* MaskTest.swift */; };
		4EC4321C2C731486002E6FC4 /* PlaySoundTest.swift in Sources */ = {isa = PBXBuildFile; fileRef = 4EC4321B2C731486002E6FC4 /* PlaySoundTest.swift */; };
		4EC4321F2C7317E3002E6FC4 /* duck-quack.mp3 in Resources */ = {isa = PBXBuildFile; fileRef = 4EC4321E2C7317E3002E6FC4 /* duck-quack.mp3 */; };
		4EC432212C731800002E6FC4 /* cow-moo.mp3 in Resources */ = {isa = PBXBuildFile; fileRef = 4EC432202C731800002E6FC4 /* cow-moo.mp3 */; };
		4EC5A31C2C3CEB080087A7CD /* TestBackground.swift in Sources */ = {isa = PBXBuildFile; fileRef = 4EC5A31B2C3CEB080087A7CD /* TestBackground.swift */; };
		4EC5A31E2C3CFE010087A7CD /* TestStack.swift in Sources */ = {isa = PBXBuildFile; fileRef = 4EC5A31D2C3CFE010087A7CD /* TestStack.swift */; };
		4EC5A3202C3D03400087A7CD /* TestPadding.swift in Sources */ = {isa = PBXBuildFile; fileRef = 4EC5A31F2C3D03400087A7CD /* TestPadding.swift */; };
		4ED866672C58A0A200E19B34 /* AppStorageTest.swift in Sources */ = {isa = PBXBuildFile; fileRef = 4ED866662C58A0A200E19B34 /* AppStorageTest.swift */; };
		4ED866692C58A2E400E19B34 /* UserDefaultTest.swift in Sources */ = {isa = PBXBuildFile; fileRef = 4ED866682C58A2E400E19B34 /* UserDefaultTest.swift */; };
		4ED8666D2C58A31300E19B34 /* UserDefaultTestViewModel.swift in Sources */ = {isa = PBXBuildFile; fileRef = 4ED8666C2C58A31300E19B34 /* UserDefaultTestViewModel.swift */; };
		4ED866702C58AC6400E19B34 /* AsyncImageTest.swift in Sources */ = {isa = PBXBuildFile; fileRef = 4ED8666F2C58AC6400E19B34 /* AsyncImageTest.swift */; };
		4ED866732C58AECA00E19B34 /* BackgroundMaterialTest.swift in Sources */ = {isa = PBXBuildFile; fileRef = 4ED866722C58AECA00E19B34 /* BackgroundMaterialTest.swift */; };
		4ED866752C58B10900E19B34 /* Extenstions.swift in Sources */ = {isa = PBXBuildFile; fileRef = 4ED866742C58B10900E19B34 /* Extenstions.swift */; };
		4ED866782C58B5E900E19B34 /* ButtonStylesTest.swift in Sources */ = {isa = PBXBuildFile; fileRef = 4ED866772C58B5E900E19B34 /* ButtonStylesTest.swift */; };
		4EE58E2F2C575DA400C3C26E /* EnvironmentObjectViewModel.swift in Sources */ = {isa = PBXBuildFile; fileRef = 4EE58E2E2C575DA400C3C26E /* EnvironmentObjectViewModel.swift */; };
		4EE58E312C575DD200C3C26E /* EnvironmentObjectView.swift in Sources */ = {isa = PBXBuildFile; fileRef = 4EE58E302C575DD200C3C26E /* EnvironmentObjectView.swift */; };
		4EE58E332C575FF300C3C26E /* EnvironmentObjectDetails.swift in Sources */ = {isa = PBXBuildFile; fileRef = 4EE58E322C575FF300C3C26E /* EnvironmentObjectDetails.swift */; };
		4EE58E352C57614900C3C26E /* EnvironmentObjectThirdView.swift in Sources */ = {isa = PBXBuildFile; fileRef = 4EE58E342C57614900C3C26E /* EnvironmentObjectThirdView.swift */; };
		4EF95C9F2C41A17100CAE360 /* TestSheet.swift in Sources */ = {isa = PBXBuildFile; fileRef = 4EF95C9E2C41A17100CAE360 /* TestSheet.swift */; };
		4EF95CA12C44E23F00CAE360 /* TestNavigation.swift in Sources */ = {isa = PBXBuildFile; fileRef = 4EF95CA02C44E23F00CAE360 /* TestNavigation.swift */; };
		4EF95CA32C44F72900CAE360 /* TestList.swift in Sources */ = {isa = PBXBuildFile; fileRef = 4EF95CA22C44F72900CAE360 /* TestList.swift */; };
		4EFB1E6C2C7E4DF800518E89 /* CoreDataTestView.swift in Sources */ = {isa = PBXBuildFile; fileRef = 4EFB1E6B2C7E4DF800518E89 /* CoreDataTestView.swift */; };
		4EFB1E6E2C7E4E0700518E89 /* CoreDataTestViewModel.swift in Sources */ = {isa = PBXBuildFile; fileRef = 4EFB1E6D2C7E4E0700518E89 /* CoreDataTestViewModel.swift */; };
		4EFB1E712C7E4EA100518E89 /* FruitsDataModel.xcdatamodeld in Sources */ = {isa = PBXBuildFile; fileRef = 4EFB1E6F2C7E4EA100518E89 /* FruitsDataModel.xcdatamodeld */; };
/* End PBXBuildFile section */

/* Begin PBXContainerItemProxy section */
		4E4962E82C398AC5004A0532 /* PBXContainerItemProxy */ = {
			isa = PBXContainerItemProxy;
			containerPortal = 4E4962CE2C398AC3004A0532 /* Project object */;
			proxyType = 1;
			remoteGlobalIDString = 4E4962D52C398AC3004A0532;
			remoteInfo = "SwiftUI-Beginner";
		};
		4E4962F22C398AC5004A0532 /* PBXContainerItemProxy */ = {
			isa = PBXContainerItemProxy;
			containerPortal = 4E4962CE2C398AC3004A0532 /* Project object */;
			proxyType = 1;
			remoteGlobalIDString = 4E4962D52C398AC3004A0532;
			remoteInfo = "SwiftUI-Beginner";
		};
/* End PBXContainerItemProxy section */

/* Begin PBXFileReference section */
		4E0D441A2C4784E100A21E9C /* TestTextEditor.swift */ = {isa = PBXFileReference; lastKnownFileType = sourcecode.swift; path = TestTextEditor.swift; sourceTree = "<group>"; };
		4E0D441C2C47898300A21E9C /* TestPicker.swift */ = {isa = PBXFileReference; lastKnownFileType = sourcecode.swift; path = TestPicker.swift; sourceTree = "<group>"; };
		4E0D4AB42C833EC000A8EA0D /* NetworkTestView.swift */ = {isa = PBXFileReference; lastKnownFileType = sourcecode.swift; path = NetworkTestView.swift; sourceTree = "<group>"; };
		4E0D4AB62C833ED300A8EA0D /* NetworkTestViewModel.swift */ = {isa = PBXFileReference; lastKnownFileType = sourcecode.swift; path = NetworkTestViewModel.swift; sourceTree = "<group>"; };
		4E1694602C820B730021F5B5 /* BackgroundThreadTestView.swift */ = {isa = PBXFileReference; lastKnownFileType = sourcecode.swift; path = BackgroundThreadTestView.swift; sourceTree = "<group>"; };
		4E1694622C820B810021F5B5 /* BackgroundThreadTestViewModel.swift */ = {isa = PBXFileReference; lastKnownFileType = sourcecode.swift; path = BackgroundThreadTestViewModel.swift; sourceTree = "<group>"; };
		4E1C9E4D2C79A22C0058D1EC /* HashableTest.swift */ = {isa = PBXFileReference; lastKnownFileType = sourcecode.swift; path = HashableTest.swift; sourceTree = "<group>"; };
		4E1C9E512C79A8350058D1EC /* SearchSortTest.swift */ = {isa = PBXFileReference; lastKnownFileType = sourcecode.swift; path = SearchSortTest.swift; sourceTree = "<group>"; };
		4E4962D62C398AC3004A0532 /* SwiftUI-Beginner.app */ = {isa = PBXFileReference; explicitFileType = wrapper.application; includeInIndex = 0; path = "SwiftUI-Beginner.app"; sourceTree = BUILT_PRODUCTS_DIR; };
		4E4962D92C398AC3004A0532 /* SwiftUI_BeginnerApp.swift */ = {isa = PBXFileReference; lastKnownFileType = sourcecode.swift; path = SwiftUI_BeginnerApp.swift; sourceTree = "<group>"; };
		4E4962DB2C398AC3004A0532 /* ContentView.swift */ = {isa = PBXFileReference; lastKnownFileType = sourcecode.swift; path = ContentView.swift; sourceTree = "<group>"; };
		4E4962DD2C398AC4004A0532 /* Assets.xcassets */ = {isa = PBXFileReference; lastKnownFileType = folder.assetcatalog; path = Assets.xcassets; sourceTree = "<group>"; };
		4E4962DF2C398AC4004A0532 /* SwiftUI_Beginner.entitlements */ = {isa = PBXFileReference; lastKnownFileType = text.plist.entitlements; path = SwiftUI_Beginner.entitlements; sourceTree = "<group>"; };
		4E4962E12C398AC4004A0532 /* Preview Assets.xcassets */ = {isa = PBXFileReference; lastKnownFileType = folder.assetcatalog; path = "Preview Assets.xcassets"; sourceTree = "<group>"; };
		4E4962E72C398AC5004A0532 /* SwiftUI-BeginnerTests.xctest */ = {isa = PBXFileReference; explicitFileType = wrapper.cfbundle; includeInIndex = 0; path = "SwiftUI-BeginnerTests.xctest"; sourceTree = BUILT_PRODUCTS_DIR; };
		4E4962EB2C398AC5004A0532 /* SwiftUI_BeginnerTests.swift */ = {isa = PBXFileReference; lastKnownFileType = sourcecode.swift; path = SwiftUI_BeginnerTests.swift; sourceTree = "<group>"; };
		4E4962F12C398AC5004A0532 /* SwiftUI-BeginnerUITests.xctest */ = {isa = PBXFileReference; explicitFileType = wrapper.cfbundle; includeInIndex = 0; path = "SwiftUI-BeginnerUITests.xctest"; sourceTree = BUILT_PRODUCTS_DIR; };
		4E4962F52C398AC5004A0532 /* SwiftUI_BeginnerUITests.swift */ = {isa = PBXFileReference; lastKnownFileType = sourcecode.swift; path = SwiftUI_BeginnerUITests.swift; sourceTree = "<group>"; };
		4E4962F72C398AC5004A0532 /* SwiftUI_BeginnerUITestsLaunchTests.swift */ = {isa = PBXFileReference; lastKnownFileType = sourcecode.swift; path = SwiftUI_BeginnerUITestsLaunchTests.swift; sourceTree = "<group>"; };
		4E4963042C398C5B004A0532 /* TestText.swift */ = {isa = PBXFileReference; lastKnownFileType = sourcecode.swift; path = TestText.swift; sourceTree = "<group>"; };
		4E4963062C3A46E5004A0532 /* TestShape.swift */ = {isa = PBXFileReference; lastKnownFileType = sourcecode.swift; path = TestShape.swift; sourceTree = "<group>"; };
		4E4963082C3A4BB5004A0532 /* TestColor.swift */ = {isa = PBXFileReference; lastKnownFileType = sourcecode.swift; path = TestColor.swift; sourceTree = "<group>"; };
		4E49630A2C3A52C1004A0532 /* TestGradient.swift */ = {isa = PBXFileReference; lastKnownFileType = sourcecode.swift; path = TestGradient.swift; sourceTree = "<group>"; };
		4E49630C2C3A5B2F004A0532 /* TestIcon.swift */ = {isa = PBXFileReference; lastKnownFileType = sourcecode.swift; path = TestIcon.swift; sourceTree = "<group>"; };
		4E49630E2C3A5E3F004A0532 /* TestImage.swift */ = {isa = PBXFileReference; lastKnownFileType = sourcecode.swift; path = TestImage.swift; sourceTree = "<group>"; };
		4E547A782C60A4E900EF8DF7 /* NavigationStackTest.swift */ = {isa = PBXFileReference; lastKnownFileType = sourcecode.swift; path = NavigationStackTest.swift; sourceTree = "<group>"; };
		4E547A7A2C60A50400EF8DF7 /* NavStackScreen2.swift */ = {isa = PBXFileReference; lastKnownFileType = sourcecode.swift; path = NavStackScreen2.swift; sourceTree = "<group>"; };
		4E547A7C2C60A51000EF8DF7 /* NavStackScreen3.swift */ = {isa = PBXFileReference; lastKnownFileType = sourcecode.swift; path = NavStackScreen3.swift; sourceTree = "<group>"; };
		4E6984BD2C40E1BF006550B5 /* TestExtraction.swift */ = {isa = PBXFileReference; lastKnownFileType = sourcecode.swift; path = TestExtraction.swift; sourceTree = "<group>"; };
		4E6984BF2C40FA68006550B5 /* TestConditional.swift */ = {isa = PBXFileReference; lastKnownFileType = sourcecode.swift; path = TestConditional.swift; sourceTree = "<group>"; };
		4E6A686E2C48DDC7009C8C0C /* TabTest.swift */ = {isa = PBXFileReference; lastKnownFileType = sourcecode.swift; path = TabTest.swift; sourceTree = "<group>"; };
		4E6F57BD2C3FA24100B83630 /* TestButton.swift */ = {isa = PBXFileReference; lastKnownFileType = sourcecode.swift; path = TestButton.swift; sourceTree = "<group>"; };
		4E6F57BF2C3FA98B00B83630 /* TestState.swift */ = {isa = PBXFileReference; lastKnownFileType = sourcecode.swift; path = TestState.swift; sourceTree = "<group>"; };
		4E749A6E2C84B933007C543F /* PostDetailsScreen.swift */ = {isa = PBXFileReference; lastKnownFileType = sourcecode.swift; path = PostDetailsScreen.swift; sourceTree = "<group>"; };
		4E76E0BB2C68CBB2004EBA79 /* NavigationStackHome.swift */ = {isa = PBXFileReference; lastKnownFileType = sourcecode.swift; path = NavigationStackHome.swift; sourceTree = "<group>"; };
		4E76E0BD2C68CBBF004EBA79 /* NavigationStackConvert.swift */ = {isa = PBXFileReference; lastKnownFileType = sourcecode.swift; path = NavigationStackConvert.swift; sourceTree = "<group>"; };
		4E76E0BF2C68CBCB004EBA79 /* NavigationStackOutput.swift */ = {isa = PBXFileReference; lastKnownFileType = sourcecode.swift; path = NavigationStackOutput.swift; sourceTree = "<group>"; };
		4E76E0C12C68CE1D004EBA79 /* NavigationStackWithPathBinding.swift */ = {isa = PBXFileReference; lastKnownFileType = sourcecode.swift; path = NavigationStackWithPathBinding.swift; sourceTree = "<group>"; };
		4E76E0C42C69268F004EBA79 /* ToolbarTest.swift */ = {isa = PBXFileReference; lastKnownFileType = sourcecode.swift; path = ToolbarTest.swift; sourceTree = "<group>"; };
		4E76E0C62C693C1E004EBA79 /* PremiumVersionScreen.swift */ = {isa = PBXFileReference; lastKnownFileType = sourcecode.swift; path = PremiumVersionScreen.swift; sourceTree = "<group>"; };
		4E76E0C82C693D10004EBA79 /* MoreOptionScreen.swift */ = {isa = PBXFileReference; lastKnownFileType = sourcecode.swift; path = MoreOptionScreen.swift; sourceTree = "<group>"; };
		4E7809AD2C6DB42A00ABD46F /* ScrollViewReaderTest.swift */ = {isa = PBXFileReference; lastKnownFileType = sourcecode.swift; path = ScrollViewReaderTest.swift; sourceTree = "<group>"; };
		4E7809AF2C6DB53B00ABD46F /* Extensions.swift */ = {isa = PBXFileReference; lastKnownFileType = sourcecode.swift; path = Extensions.swift; sourceTree = "<group>"; };
		4E7809B12C6DBA5D00ABD46F /* ScreenNavigator.swift */ = {isa = PBXFileReference; lastKnownFileType = sourcecode.swift; path = ScreenNavigator.swift; sourceTree = "<group>"; };
		4E7809B32C6DF73400ABD46F /* GeometryReaderTest.swift */ = {isa = PBXFileReference; lastKnownFileType = sourcecode.swift; path = GeometryReaderTest.swift; sourceTree = "<group>"; };
		4E9896892C6C6C49005DD7EB /* GridViewTest.swift */ = {isa = PBXFileReference; lastKnownFileType = sourcecode.swift; path = GridViewTest.swift; sourceTree = "<group>"; };
		4E98968B2C6C9BB4005DD7EB /* GridTestHome.swift */ = {isa = PBXFileReference; lastKnownFileType = sourcecode.swift; path = GridTestHome.swift; sourceTree = "<group>"; };
		4E98968D2C6C9CE3005DD7EB /* GridTestMagnification.swift */ = {isa = PBXFileReference; lastKnownFileType = sourcecode.swift; path = GridTestMagnification.swift; sourceTree = "<group>"; };
		4E98968F2C6C9D2A005DD7EB /* GridTestRotation.swift */ = {isa = PBXFileReference; lastKnownFileType = sourcecode.swift; path = GridTestRotation.swift; sourceTree = "<group>"; };
		4E9896912C6C9D39005DD7EB /* GridTestDrag.swift */ = {isa = PBXFileReference; lastKnownFileType = sourcecode.swift; path = GridTestDrag.swift; sourceTree = "<group>"; };
		4EA558BC2C59FC4E007EFEBB /* SwipeActionViewTest.swift */ = {isa = PBXFileReference; lastKnownFileType = sourcecode.swift; path = SwipeActionViewTest.swift; sourceTree = "<group>"; };
		4EA558BF2C59FFD7007EFEBB /* FocusStateViewTest.swift */ = {isa = PBXFileReference; lastKnownFileType = sourcecode.swift; path = FocusStateViewTest.swift; sourceTree = "<group>"; };
		4EA558C12C5A06B5007EFEBB /* FocusStateViewModel.swift */ = {isa = PBXFileReference; lastKnownFileType = sourcecode.swift; path = FocusStateViewModel.swift; sourceTree = "<group>"; };
		4EA918412C46B8160004DEB8 /* TestAlert.swift */ = {isa = PBXFileReference; lastKnownFileType = sourcecode.swift; path = TestAlert.swift; sourceTree = "<group>"; };
		4EA918432C46DF1B0004DEB8 /* TestTextField.swift */ = {isa = PBXFileReference; lastKnownFileType = sourcecode.swift; path = TestTextField.swift; sourceTree = "<group>"; };
		4EB7F6A82C3E392200EC58CC /* InitializerTest.swift */ = {isa = PBXFileReference; lastKnownFileType = sourcecode.swift; path = InitializerTest.swift; sourceTree = "<group>"; };
		4EB7F6AA2C3E3E8300EC58CC /* ForEachTest.swift */ = {isa = PBXFileReference; lastKnownFileType = sourcecode.swift; path = ForEachTest.swift; sourceTree = "<group>"; };
		4EB7F6AC2C3E41CF00EC58CC /* ScrollViewTest.swift */ = {isa = PBXFileReference; lastKnownFileType = sourcecode.swift; path = ScrollViewTest.swift; sourceTree = "<group>"; };
		4EB7F6AE2C3E467200EC58CC /* GridTest.swift */ = {isa = PBXFileReference; lastKnownFileType = sourcecode.swift; path = GridTest.swift; sourceTree = "<group>"; };
		4EB7F6B22C3E556F00EC58CC /* SafeAreaTest.swift */ = {isa = PBXFileReference; lastKnownFileType = sourcecode.swift; path = SafeAreaTest.swift; sourceTree = "<group>"; };
		4EC432192C70A0BC002E6FC4 /* MaskTest.swift */ = {isa = PBXFileReference; lastKnownFileType = sourcecode.swift; path = MaskTest.swift; sourceTree = "<group>"; };
		4EC4321B2C731486002E6FC4 /* PlaySoundTest.swift */ = {isa = PBXFileReference; lastKnownFileType = sourcecode.swift; path = PlaySoundTest.swift; sourceTree = "<group>"; };
		4EC4321E2C7317E3002E6FC4 /* duck-quack.mp3 */ = {isa = PBXFileReference; lastKnownFileType = audio.mp3; path = "duck-quack.mp3"; sourceTree = "<group>"; };
		4EC432202C731800002E6FC4 /* cow-moo.mp3 */ = {isa = PBXFileReference; lastKnownFileType = audio.mp3; path = "cow-moo.mp3"; sourceTree = "<group>"; };
		4EC5A31B2C3CEB080087A7CD /* TestBackground.swift */ = {isa = PBXFileReference; lastKnownFileType = sourcecode.swift; path = TestBackground.swift; sourceTree = "<group>"; };
		4EC5A31D2C3CFE010087A7CD /* TestStack.swift */ = {isa = PBXFileReference; lastKnownFileType = sourcecode.swift; path = TestStack.swift; sourceTree = "<group>"; };
		4EC5A31F2C3D03400087A7CD /* TestPadding.swift */ = {isa = PBXFileReference; lastKnownFileType = sourcecode.swift; path = TestPadding.swift; sourceTree = "<group>"; };
		4ED866662C58A0A200E19B34 /* AppStorageTest.swift */ = {isa = PBXFileReference; lastKnownFileType = sourcecode.swift; path = AppStorageTest.swift; sourceTree = "<group>"; };
		4ED866682C58A2E400E19B34 /* UserDefaultTest.swift */ = {isa = PBXFileReference; lastKnownFileType = sourcecode.swift; path = UserDefaultTest.swift; sourceTree = "<group>"; };
		4ED8666C2C58A31300E19B34 /* UserDefaultTestViewModel.swift */ = {isa = PBXFileReference; lastKnownFileType = sourcecode.swift; path = UserDefaultTestViewModel.swift; sourceTree = "<group>"; };
		4ED8666F2C58AC6400E19B34 /* AsyncImageTest.swift */ = {isa = PBXFileReference; lastKnownFileType = sourcecode.swift; path = AsyncImageTest.swift; sourceTree = "<group>"; };
		4ED866722C58AECA00E19B34 /* BackgroundMaterialTest.swift */ = {isa = PBXFileReference; lastKnownFileType = sourcecode.swift; path = BackgroundMaterialTest.swift; sourceTree = "<group>"; };
		4ED866742C58B10900E19B34 /* Extenstions.swift */ = {isa = PBXFileReference; lastKnownFileType = sourcecode.swift; path = Extenstions.swift; sourceTree = "<group>"; };
		4ED866772C58B5E900E19B34 /* ButtonStylesTest.swift */ = {isa = PBXFileReference; lastKnownFileType = sourcecode.swift; path = ButtonStylesTest.swift; sourceTree = "<group>"; };
		4EE58E2E2C575DA400C3C26E /* EnvironmentObjectViewModel.swift */ = {isa = PBXFileReference; lastKnownFileType = sourcecode.swift; path = EnvironmentObjectViewModel.swift; sourceTree = "<group>"; };
		4EE58E302C575DD200C3C26E /* EnvironmentObjectView.swift */ = {isa = PBXFileReference; lastKnownFileType = sourcecode.swift; path = EnvironmentObjectView.swift; sourceTree = "<group>"; };
		4EE58E322C575FF300C3C26E /* EnvironmentObjectDetails.swift */ = {isa = PBXFileReference; lastKnownFileType = sourcecode.swift; path = EnvironmentObjectDetails.swift; sourceTree = "<group>"; };
		4EE58E342C57614900C3C26E /* EnvironmentObjectThirdView.swift */ = {isa = PBXFileReference; lastKnownFileType = sourcecode.swift; path = EnvironmentObjectThirdView.swift; sourceTree = "<group>"; };
		4EF95C9E2C41A17100CAE360 /* TestSheet.swift */ = {isa = PBXFileReference; lastKnownFileType = sourcecode.swift; path = TestSheet.swift; sourceTree = "<group>"; };
		4EF95CA02C44E23F00CAE360 /* TestNavigation.swift */ = {isa = PBXFileReference; lastKnownFileType = sourcecode.swift; path = TestNavigation.swift; sourceTree = "<group>"; };
		4EF95CA22C44F72900CAE360 /* TestList.swift */ = {isa = PBXFileReference; lastKnownFileType = sourcecode.swift; path = TestList.swift; sourceTree = "<group>"; };
		4EFB1E6B2C7E4DF800518E89 /* CoreDataTestView.swift */ = {isa = PBXFileReference; lastKnownFileType = sourcecode.swift; path = CoreDataTestView.swift; sourceTree = "<group>"; };
		4EFB1E6D2C7E4E0700518E89 /* CoreDataTestViewModel.swift */ = {isa = PBXFileReference; lastKnownFileType = sourcecode.swift; path = CoreDataTestViewModel.swift; sourceTree = "<group>"; };
		4EFB1E702C7E4EA100518E89 /* FruitsDataModel.xcdatamodel */ = {isa = PBXFileReference; lastKnownFileType = wrapper.xcdatamodel; path = FruitsDataModel.xcdatamodel; sourceTree = "<group>"; };
/* End PBXFileReference section */

/* Begin PBXFrameworksBuildPhase section */
		4E4962D32C398AC3004A0532 /* Frameworks */ = {
			isa = PBXFrameworksBuildPhase;
			buildActionMask = 2147483647;
			files = (
			);
			runOnlyForDeploymentPostprocessing = 0;
		};
		4E4962E42C398AC5004A0532 /* Frameworks */ = {
			isa = PBXFrameworksBuildPhase;
			buildActionMask = 2147483647;
			files = (
			);
			runOnlyForDeploymentPostprocessing = 0;
		};
		4E4962EE2C398AC5004A0532 /* Frameworks */ = {
			isa = PBXFrameworksBuildPhase;
			buildActionMask = 2147483647;
			files = (
			);
			runOnlyForDeploymentPostprocessing = 0;
		};
/* End PBXFrameworksBuildPhase section */

/* Begin PBXGroup section */
		4E0D4AB32C833EA900A8EA0D /* NetworkingTest */ = {
			isa = PBXGroup;
			children = (
				4E0D4AB42C833EC000A8EA0D /* NetworkTestView.swift */,
				4E0D4AB62C833ED300A8EA0D /* NetworkTestViewModel.swift */,
				4E749A6E2C84B933007C543F /* PostDetailsScreen.swift */,
			);
			path = NetworkingTest;
			sourceTree = "<group>";
		};
		4E16945F2C820B620021F5B5 /* BackgroundThreadTest */ = {
			isa = PBXGroup;
			children = (
				4E1694602C820B730021F5B5 /* BackgroundThreadTestView.swift */,
				4E1694622C820B810021F5B5 /* BackgroundThreadTestViewModel.swift */,
			);
			path = BackgroundThreadTest;
			sourceTree = "<group>";
		};
		4E4962CD2C398AC3004A0532 = {
			isa = PBXGroup;
			children = (
				4E4962D82C398AC3004A0532 /* SwiftUI-Beginner */,
				4E4962EA2C398AC5004A0532 /* SwiftUI-BeginnerTests */,
				4E4962F42C398AC5004A0532 /* SwiftUI-BeginnerUITests */,
				4E4962D72C398AC3004A0532 /* Products */,
			);
			sourceTree = "<group>";
		};
		4E4962D72C398AC3004A0532 /* Products */ = {
			isa = PBXGroup;
			children = (
				4E4962D62C398AC3004A0532 /* SwiftUI-Beginner.app */,
				4E4962E72C398AC5004A0532 /* SwiftUI-BeginnerTests.xctest */,
				4E4962F12C398AC5004A0532 /* SwiftUI-BeginnerUITests.xctest */,
			);
			name = Products;
			sourceTree = "<group>";
		};
		4E4962D82C398AC3004A0532 /* SwiftUI-Beginner */ = {
			isa = PBXGroup;
			children = (
				4EC4321D2C7317B9002E6FC4 /* sounds */,
				4E9896862C6C6C21005DD7EB /* GridTest */,
				4E76E0C32C692678004EBA79 /* ToolbarTest */,
				4E547A772C60A4D400EF8DF7 /* NavigationStack */,
				4EA558BE2C59FFC4007EFEBB /* FocusState */,
				4EA558BB2C59FC3E007EFEBB /* SwipeAction */,
				4ED866762C58B5D700E19B34 /* ButtonStyles */,
				4ED866712C58AEB700E19B34 /* BackgroundMaterial */,
				4ED8666E2C58AC2F00E19B34 /* AsyncImage */,
				4ED866652C58A08E00E19B34 /* AppStorage */,
				4EE58E2B2C575D6300C3C26E /* EnvironmentObject */,
				4E4962D92C398AC3004A0532 /* SwiftUI_BeginnerApp.swift */,
				4E4962DB2C398AC3004A0532 /* ContentView.swift */,
				4E4962DD2C398AC4004A0532 /* Assets.xcassets */,
				4E4962DF2C398AC4004A0532 /* SwiftUI_Beginner.entitlements */,
				4E4962E02C398AC4004A0532 /* Preview Content */,
				4E4963042C398C5B004A0532 /* TestText.swift */,
				4E4963062C3A46E5004A0532 /* TestShape.swift */,
				4E4963082C3A4BB5004A0532 /* TestColor.swift */,
				4EC5A31B2C3CEB080087A7CD /* TestBackground.swift */,
				4E49630A2C3A52C1004A0532 /* TestGradient.swift */,
				4E49630C2C3A5B2F004A0532 /* TestIcon.swift */,
				4E49630E2C3A5E3F004A0532 /* TestImage.swift */,
				4EC5A31D2C3CFE010087A7CD /* TestStack.swift */,
				4EC5A31F2C3D03400087A7CD /* TestPadding.swift */,
				4EB7F6A82C3E392200EC58CC /* InitializerTest.swift */,
				4EB7F6AA2C3E3E8300EC58CC /* ForEachTest.swift */,
				4E0D441C2C47898300A21E9C /* TestPicker.swift */,
				4EB7F6AC2C3E41CF00EC58CC /* ScrollViewTest.swift */,
				4EB7F6AE2C3E467200EC58CC /* GridTest.swift */,
				4EB7F6B22C3E556F00EC58CC /* SafeAreaTest.swift */,
				4E6F57BD2C3FA24100B83630 /* TestButton.swift */,
				4E6F57BF2C3FA98B00B83630 /* TestState.swift */,
				4E6984BD2C40E1BF006550B5 /* TestExtraction.swift */,
				4E6984BF2C40FA68006550B5 /* TestConditional.swift */,
				4EF95C9E2C41A17100CAE360 /* TestSheet.swift */,
				4EF95CA02C44E23F00CAE360 /* TestNavigation.swift */,
				4EF95CA22C44F72900CAE360 /* TestList.swift */,
				4EA918412C46B8160004DEB8 /* TestAlert.swift */,
				4E0D441A2C4784E100A21E9C /* TestTextEditor.swift */,
				4EA918432C46DF1B0004DEB8 /* TestTextField.swift */,
				4E6A686E2C48DDC7009C8C0C /* TabTest.swift */,
				4ED866742C58B10900E19B34 /* Extenstions.swift */,
			);
			path = "SwiftUI-Beginner";
			sourceTree = "<group>";
		};
		4E4962E02C398AC4004A0532 /* Preview Content */ = {
			isa = PBXGroup;
			children = (
				4E4962E12C398AC4004A0532 /* Preview Assets.xcassets */,
			);
			path = "Preview Content";
			sourceTree = "<group>";
		};
		4E4962EA2C398AC5004A0532 /* SwiftUI-BeginnerTests */ = {
			isa = PBXGroup;
			children = (
				4E4962EB2C398AC5004A0532 /* SwiftUI_BeginnerTests.swift */,
			);
			path = "SwiftUI-BeginnerTests";
			sourceTree = "<group>";
		};
		4E4962F42C398AC5004A0532 /* SwiftUI-BeginnerUITests */ = {
			isa = PBXGroup;
			children = (
				4E4962F52C398AC5004A0532 /* SwiftUI_BeginnerUITests.swift */,
				4E4962F72C398AC5004A0532 /* SwiftUI_BeginnerUITestsLaunchTests.swift */,
			);
			path = "SwiftUI-BeginnerUITests";
			sourceTree = "<group>";
		};
		4E547A772C60A4D400EF8DF7 /* NavigationStack */ = {
			isa = PBXGroup;
			children = (
				4E547A782C60A4E900EF8DF7 /* NavigationStackTest.swift */,
				4E547A7A2C60A50400EF8DF7 /* NavStackScreen2.swift */,
				4E547A7C2C60A51000EF8DF7 /* NavStackScreen3.swift */,
				4E76E0BB2C68CBB2004EBA79 /* NavigationStackHome.swift */,
				4E76E0BD2C68CBBF004EBA79 /* NavigationStackConvert.swift */,
				4E76E0BF2C68CBCB004EBA79 /* NavigationStackOutput.swift */,
				4E76E0C12C68CE1D004EBA79 /* NavigationStackWithPathBinding.swift */,
			);
			path = NavigationStack;
			sourceTree = "<group>";
		};
		4E76E0C32C692678004EBA79 /* ToolbarTest */ = {
			isa = PBXGroup;
			children = (
				4E76E0C42C69268F004EBA79 /* ToolbarTest.swift */,
				4E76E0C62C693C1E004EBA79 /* PremiumVersionScreen.swift */,
				4E76E0C82C693D10004EBA79 /* MoreOptionScreen.swift */,
			);
			path = ToolbarTest;
			sourceTree = "<group>";
		};
		4E9896862C6C6C21005DD7EB /* GridTest */ = {
			isa = PBXGroup;
			children = (
				4E0D4AB32C833EA900A8EA0D /* NetworkingTest */,
				4E16945F2C820B620021F5B5 /* BackgroundThreadTest */,
				4EFB1E6A2C7E4DE300518E89 /* CoreDataTest */,
				4E9896892C6C6C49005DD7EB /* GridViewTest.swift */,
				4E98968B2C6C9BB4005DD7EB /* GridTestHome.swift */,
				4E98968D2C6C9CE3005DD7EB /* GridTestMagnification.swift */,
				4E98968F2C6C9D2A005DD7EB /* GridTestRotation.swift */,
				4E9896912C6C9D39005DD7EB /* GridTestDrag.swift */,
				4E7809AD2C6DB42A00ABD46F /* ScrollViewReaderTest.swift */,
				4E7809AF2C6DB53B00ABD46F /* Extensions.swift */,
				4E7809B12C6DBA5D00ABD46F /* ScreenNavigator.swift */,
				4E7809B32C6DF73400ABD46F /* GeometryReaderTest.swift */,
				4EC432192C70A0BC002E6FC4 /* MaskTest.swift */,
				4EC4321B2C731486002E6FC4 /* PlaySoundTest.swift */,
				4E1C9E4D2C79A22C0058D1EC /* HashableTest.swift */,
				4E1C9E512C79A8350058D1EC /* SearchSortTest.swift */,
			);
			path = GridTest;
			sourceTree = "<group>";
		};
		4EA558BB2C59FC3E007EFEBB /* SwipeAction */ = {
			isa = PBXGroup;
			children = (
				4EA558BC2C59FC4E007EFEBB /* SwipeActionViewTest.swift */,
			);
			path = SwipeAction;
			sourceTree = "<group>";
		};
		4EA558BE2C59FFC4007EFEBB /* FocusState */ = {
			isa = PBXGroup;
			children = (
				4EA558BF2C59FFD7007EFEBB /* FocusStateViewTest.swift */,
				4EA558C12C5A06B5007EFEBB /* FocusStateViewModel.swift */,
			);
			path = FocusState;
			sourceTree = "<group>";
		};
		4EC4321D2C7317B9002E6FC4 /* sounds */ = {
			isa = PBXGroup;
			children = (
				4EC432202C731800002E6FC4 /* cow-moo.mp3 */,
				4EC4321E2C7317E3002E6FC4 /* duck-quack.mp3 */,
			);
			path = sounds;
			sourceTree = "<group>";
		};
		4ED866652C58A08E00E19B34 /* AppStorage */ = {
			isa = PBXGroup;
			children = (
				4ED866662C58A0A200E19B34 /* AppStorageTest.swift */,
				4ED866682C58A2E400E19B34 /* UserDefaultTest.swift */,
				4ED8666C2C58A31300E19B34 /* UserDefaultTestViewModel.swift */,
			);
			name = AppStorage;
			sourceTree = "<group>";
		};
		4ED8666E2C58AC2F00E19B34 /* AsyncImage */ = {
			isa = PBXGroup;
			children = (
				4ED8666F2C58AC6400E19B34 /* AsyncImageTest.swift */,
			);
			path = AsyncImage;
			sourceTree = "<group>";
		};
		4ED866712C58AEB700E19B34 /* BackgroundMaterial */ = {
			isa = PBXGroup;
			children = (
				4ED866722C58AECA00E19B34 /* BackgroundMaterialTest.swift */,
			);
			path = BackgroundMaterial;
			sourceTree = "<group>";
		};
		4ED866762C58B5D700E19B34 /* ButtonStyles */ = {
			isa = PBXGroup;
			children = (
				4ED866772C58B5E900E19B34 /* ButtonStylesTest.swift */,
			);
			path = ButtonStyles;
			sourceTree = "<group>";
		};
		4EE58E2B2C575D6300C3C26E /* EnvironmentObject */ = {
			isa = PBXGroup;
			children = (
				4EE58E2E2C575DA400C3C26E /* EnvironmentObjectViewModel.swift */,
				4EE58E302C575DD200C3C26E /* EnvironmentObjectView.swift */,
				4EE58E322C575FF300C3C26E /* EnvironmentObjectDetails.swift */,
				4EE58E342C57614900C3C26E /* EnvironmentObjectThirdView.swift */,
			);
			path = EnvironmentObject;
			sourceTree = "<group>";
		};
		4EFB1E6A2C7E4DE300518E89 /* CoreDataTest */ = {
			isa = PBXGroup;
			children = (
				4EFB1E6B2C7E4DF800518E89 /* CoreDataTestView.swift */,
				4EFB1E6D2C7E4E0700518E89 /* CoreDataTestViewModel.swift */,
				4EFB1E6F2C7E4EA100518E89 /* FruitsDataModel.xcdatamodeld */,
			);
			path = CoreDataTest;
			sourceTree = "<group>";
		};
/* End PBXGroup section */

/* Begin PBXNativeTarget section */
		4E4962D52C398AC3004A0532 /* SwiftUI-Beginner */ = {
			isa = PBXNativeTarget;
			buildConfigurationList = 4E4962FB2C398AC5004A0532 /* Build configuration list for PBXNativeTarget "SwiftUI-Beginner" */;
			buildPhases = (
				4E4962D22C398AC3004A0532 /* Sources */,
				4E4962D32C398AC3004A0532 /* Frameworks */,
				4E4962D42C398AC3004A0532 /* Resources */,
			);
			buildRules = (
			);
			dependencies = (
			);
			name = "SwiftUI-Beginner";
			productName = "SwiftUI-Beginner";
			productReference = 4E4962D62C398AC3004A0532 /* SwiftUI-Beginner.app */;
			productType = "com.apple.product-type.application";
		};
		4E4962E62C398AC5004A0532 /* SwiftUI-BeginnerTests */ = {
			isa = PBXNativeTarget;
			buildConfigurationList = 4E4962FE2C398AC5004A0532 /* Build configuration list for PBXNativeTarget "SwiftUI-BeginnerTests" */;
			buildPhases = (
				4E4962E32C398AC5004A0532 /* Sources */,
				4E4962E42C398AC5004A0532 /* Frameworks */,
				4E4962E52C398AC5004A0532 /* Resources */,
			);
			buildRules = (
			);
			dependencies = (
				4E4962E92C398AC5004A0532 /* PBXTargetDependency */,
			);
			name = "SwiftUI-BeginnerTests";
			productName = "SwiftUI-BeginnerTests";
			productReference = 4E4962E72C398AC5004A0532 /* SwiftUI-BeginnerTests.xctest */;
			productType = "com.apple.product-type.bundle.unit-test";
		};
		4E4962F02C398AC5004A0532 /* SwiftUI-BeginnerUITests */ = {
			isa = PBXNativeTarget;
			buildConfigurationList = 4E4963012C398AC5004A0532 /* Build configuration list for PBXNativeTarget "SwiftUI-BeginnerUITests" */;
			buildPhases = (
				4E4962ED2C398AC5004A0532 /* Sources */,
				4E4962EE2C398AC5004A0532 /* Frameworks */,
				4E4962EF2C398AC5004A0532 /* Resources */,
			);
			buildRules = (
			);
			dependencies = (
				4E4962F32C398AC5004A0532 /* PBXTargetDependency */,
			);
			name = "SwiftUI-BeginnerUITests";
			productName = "SwiftUI-BeginnerUITests";
			productReference = 4E4962F12C398AC5004A0532 /* SwiftUI-BeginnerUITests.xctest */;
			productType = "com.apple.product-type.bundle.ui-testing";
		};
/* End PBXNativeTarget section */

/* Begin PBXProject section */
		4E4962CE2C398AC3004A0532 /* Project object */ = {
			isa = PBXProject;
			attributes = {
				BuildIndependentTargetsInParallel = 1;
				LastSwiftUpdateCheck = 1530;
				LastUpgradeCheck = 1530;
				TargetAttributes = {
					4E4962D52C398AC3004A0532 = {
						CreatedOnToolsVersion = 15.3;
					};
					4E4962E62C398AC5004A0532 = {
						CreatedOnToolsVersion = 15.3;
						TestTargetID = 4E4962D52C398AC3004A0532;
					};
					4E4962F02C398AC5004A0532 = {
						CreatedOnToolsVersion = 15.3;
						TestTargetID = 4E4962D52C398AC3004A0532;
					};
				};
			};
			buildConfigurationList = 4E4962D12C398AC3004A0532 /* Build configuration list for PBXProject "SwiftUI-Beginner" */;
			compatibilityVersion = "Xcode 14.0";
			developmentRegion = en;
			hasScannedForEncodings = 0;
			knownRegions = (
				en,
				Base,
			);
			mainGroup = 4E4962CD2C398AC3004A0532;
			productRefGroup = 4E4962D72C398AC3004A0532 /* Products */;
			projectDirPath = "";
			projectRoot = "";
			targets = (
				4E4962D52C398AC3004A0532 /* SwiftUI-Beginner */,
				4E4962E62C398AC5004A0532 /* SwiftUI-BeginnerTests */,
				4E4962F02C398AC5004A0532 /* SwiftUI-BeginnerUITests */,
			);
		};
/* End PBXProject section */

/* Begin PBXResourcesBuildPhase section */
		4E4962D42C398AC3004A0532 /* Resources */ = {
			isa = PBXResourcesBuildPhase;
			buildActionMask = 2147483647;
			files = (
				4E4962E22C398AC4004A0532 /* Preview Assets.xcassets in Resources */,
				4E4962DE2C398AC4004A0532 /* Assets.xcassets in Resources */,
				4EC432212C731800002E6FC4 /* cow-moo.mp3 in Resources */,
				4EC4321F2C7317E3002E6FC4 /* duck-quack.mp3 in Resources */,
			);
			runOnlyForDeploymentPostprocessing = 0;
		};
		4E4962E52C398AC5004A0532 /* Resources */ = {
			isa = PBXResourcesBuildPhase;
			buildActionMask = 2147483647;
			files = (
			);
			runOnlyForDeploymentPostprocessing = 0;
		};
		4E4962EF2C398AC5004A0532 /* Resources */ = {
			isa = PBXResourcesBuildPhase;
			buildActionMask = 2147483647;
			files = (
			);
			runOnlyForDeploymentPostprocessing = 0;
		};
/* End PBXResourcesBuildPhase section */

/* Begin PBXSourcesBuildPhase section */
		4E4962D22C398AC3004A0532 /* Sources */ = {
			isa = PBXSourcesBuildPhase;
			buildActionMask = 2147483647;
			files = (
				4EE58E332C575FF300C3C26E /* EnvironmentObjectDetails.swift in Sources */,
				4E98968E2C6C9CE3005DD7EB /* GridTestMagnification.swift in Sources */,
				4E76E0C92C693D10004EBA79 /* MoreOptionScreen.swift in Sources */,
				4E7809B22C6DBA5D00ABD46F /* ScreenNavigator.swift in Sources */,
				4EB7F6A92C3E392200EC58CC /* InitializerTest.swift in Sources */,
				4EA558C02C59FFD7007EFEBB /* FocusStateViewTest.swift in Sources */,
				4E76E0BC2C68CBB2004EBA79 /* NavigationStackHome.swift in Sources */,
				4ED866692C58A2E400E19B34 /* UserDefaultTest.swift in Sources */,
				4E1694612C820B730021F5B5 /* BackgroundThreadTestView.swift in Sources */,
				4E4962DC2C398AC3004A0532 /* ContentView.swift in Sources */,
				4EA558C22C5A06B5007EFEBB /* FocusStateViewModel.swift in Sources */,
				4ED866672C58A0A200E19B34 /* AppStorageTest.swift in Sources */,
				4E9896922C6C9D39005DD7EB /* GridTestDrag.swift in Sources */,
				4EB7F6AB2C3E3E8300EC58CC /* ForEachTest.swift in Sources */,
				4EC4321A2C70A0BC002E6FC4 /* MaskTest.swift in Sources */,
				4E6A686F2C48DDC7009C8C0C /* TabTest.swift in Sources */,
				4EC5A31C2C3CEB080087A7CD /* TestBackground.swift in Sources */,
				4EE58E312C575DD200C3C26E /* EnvironmentObjectView.swift in Sources */,
				4E6984C02C40FA68006550B5 /* TestConditional.swift in Sources */,
				4E76E0C02C68CBCB004EBA79 /* NavigationStackOutput.swift in Sources */,
				4EF95C9F2C41A17100CAE360 /* TestSheet.swift in Sources */,
				4EC5A31E2C3CFE010087A7CD /* TestStack.swift in Sources */,
				4EB7F6B32C3E556F00EC58CC /* SafeAreaTest.swift in Sources */,
				4E1C9E522C79A8350058D1EC /* SearchSortTest.swift in Sources */,
				4EFB1E6C2C7E4DF800518E89 /* CoreDataTestView.swift in Sources */,
				4EA558BD2C59FC4E007EFEBB /* SwipeActionViewTest.swift in Sources */,
				4EC5A3202C3D03400087A7CD /* TestPadding.swift in Sources */,
				4E76E0C52C69268F004EBA79 /* ToolbarTest.swift in Sources */,
				4EC4321C2C731486002E6FC4 /* PlaySoundTest.swift in Sources */,
				4E98968A2C6C6C49005DD7EB /* GridViewTest.swift in Sources */,
				4E76E0C72C693C1E004EBA79 /* PremiumVersionScreen.swift in Sources */,
				4E6F57C02C3FA98B00B83630 /* TestState.swift in Sources */,
				4E0D441D2C47898300A21E9C /* TestPicker.swift in Sources */,
				4E547A792C60A4E900EF8DF7 /* NavigationStackTest.swift in Sources */,
				4E76E0BE2C68CBBF004EBA79 /* NavigationStackConvert.swift in Sources */,
				4E6F57BE2C3FA24100B83630 /* TestButton.swift in Sources */,
				4EF95CA12C44E23F00CAE360 /* TestNavigation.swift in Sources */,
				4EFB1E712C7E4EA100518E89 /* FruitsDataModel.xcdatamodeld in Sources */,
				4E4962DA2C398AC3004A0532 /* SwiftUI_BeginnerApp.swift in Sources */,
				4E7809B42C6DF73400ABD46F /* GeometryReaderTest.swift in Sources */,
				4E9896902C6C9D2A005DD7EB /* GridTestRotation.swift in Sources */,
				4E1C9E4E2C79A22C0058D1EC /* HashableTest.swift in Sources */,
				4EB7F6AD2C3E41CF00EC58CC /* ScrollViewTest.swift in Sources */,
				4E0D4AB72C833ED300A8EA0D /* NetworkTestViewModel.swift in Sources */,
				4ED866732C58AECA00E19B34 /* BackgroundMaterialTest.swift in Sources */,
				4E1694632C820B810021F5B5 /* BackgroundThreadTestViewModel.swift in Sources */,
				4E98968C2C6C9BB4005DD7EB /* GridTestHome.swift in Sources */,
				4E7809AE2C6DB42A00ABD46F /* ScrollViewReaderTest.swift in Sources */,
				4ED866702C58AC6400E19B34 /* AsyncImageTest.swift in Sources */,
				4EFB1E6E2C7E4E0700518E89 /* CoreDataTestViewModel.swift in Sources */,
				4E4963052C398C5B004A0532 /* TestText.swift in Sources */,
				4E0D441B2C4784E100A21E9C /* TestTextEditor.swift in Sources */,
				4E4963092C3A4BB5004A0532 /* TestColor.swift in Sources */,
				4E49630D2C3A5B2F004A0532 /* TestIcon.swift in Sources */,
				4E0D4AB52C833EC000A8EA0D /* NetworkTestView.swift in Sources */,
				4EE58E2F2C575DA400C3C26E /* EnvironmentObjectViewModel.swift in Sources */,
				4EB7F6AF2C3E467200EC58CC /* GridTest.swift in Sources */,
				4ED866782C58B5E900E19B34 /* ButtonStylesTest.swift in Sources */,
				4EA918422C46B8160004DEB8 /* TestAlert.swift in Sources */,
				4E6984BE2C40E1BF006550B5 /* TestExtraction.swift in Sources */,
				4E749A6F2C84B933007C543F /* PostDetailsScreen.swift in Sources */,
				4E547A7D2C60A51000EF8DF7 /* NavStackScreen3.swift in Sources */,
				4EE58E352C57614900C3C26E /* EnvironmentObjectThirdView.swift in Sources */,
				4E49630F2C3A5E3F004A0532 /* TestImage.swift in Sources */,
				4ED866752C58B10900E19B34 /* Extenstions.swift in Sources */,
				4E4963072C3A46E5004A0532 /* TestShape.swift in Sources */,
				4E76E0C22C68CE1D004EBA79 /* NavigationStackWithPathBinding.swift in Sources */,
				4ED8666D2C58A31300E19B34 /* UserDefaultTestViewModel.swift in Sources */,
				4EF95CA32C44F72900CAE360 /* TestList.swift in Sources */,
				4E547A7B2C60A50400EF8DF7 /* NavStackScreen2.swift in Sources */,
				4E7809B02C6DB53B00ABD46F /* Extensions.swift in Sources */,
				4EA918442C46DF1B0004DEB8 /* TestTextField.swift in Sources */,
				4E49630B2C3A52C1004A0532 /* TestGradient.swift in Sources */,
			);
			runOnlyForDeploymentPostprocessing = 0;
		};
		4E4962E32C398AC5004A0532 /* Sources */ = {
			isa = PBXSourcesBuildPhase;
			buildActionMask = 2147483647;
			files = (
				4E4962EC2C398AC5004A0532 /* SwiftUI_BeginnerTests.swift in Sources */,
			);
			runOnlyForDeploymentPostprocessing = 0;
		};
		4E4962ED2C398AC5004A0532 /* Sources */ = {
			isa = PBXSourcesBuildPhase;
			buildActionMask = 2147483647;
			files = (
				4E4962F82C398AC5004A0532 /* SwiftUI_BeginnerUITestsLaunchTests.swift in Sources */,
				4E4962F62C398AC5004A0532 /* SwiftUI_BeginnerUITests.swift in Sources */,
			);
			runOnlyForDeploymentPostprocessing = 0;
		};
/* End PBXSourcesBuildPhase section */

/* Begin PBXTargetDependency section */
		4E4962E92C398AC5004A0532 /* PBXTargetDependency */ = {
			isa = PBXTargetDependency;
			target = 4E4962D52C398AC3004A0532 /* SwiftUI-Beginner */;
			targetProxy = 4E4962E82C398AC5004A0532 /* PBXContainerItemProxy */;
		};
		4E4962F32C398AC5004A0532 /* PBXTargetDependency */ = {
			isa = PBXTargetDependency;
			target = 4E4962D52C398AC3004A0532 /* SwiftUI-Beginner */;
			targetProxy = 4E4962F22C398AC5004A0532 /* PBXContainerItemProxy */;
		};
/* End PBXTargetDependency section */

/* Begin XCBuildConfiguration section */
		4E4962F92C398AC5004A0532 /* Debug */ = {
			isa = XCBuildConfiguration;
			buildSettings = {
				ALWAYS_SEARCH_USER_PATHS = NO;
				ASSETCATALOG_COMPILER_GENERATE_SWIFT_ASSET_SYMBOL_EXTENSIONS = YES;
				CLANG_ANALYZER_NONNULL = YES;
				CLANG_ANALYZER_NUMBER_OBJECT_CONVERSION = YES_AGGRESSIVE;
				CLANG_CXX_LANGUAGE_STANDARD = "gnu++20";
				CLANG_ENABLE_MODULES = YES;
				CLANG_ENABLE_OBJC_ARC = YES;
				CLANG_ENABLE_OBJC_WEAK = YES;
				CLANG_WARN_BLOCK_CAPTURE_AUTORELEASING = YES;
				CLANG_WARN_BOOL_CONVERSION = YES;
				CLANG_WARN_COMMA = YES;
				CLANG_WARN_CONSTANT_CONVERSION = YES;
				CLANG_WARN_DEPRECATED_OBJC_IMPLEMENTATIONS = YES;
				CLANG_WARN_DIRECT_OBJC_ISA_USAGE = YES_ERROR;
				CLANG_WARN_DOCUMENTATION_COMMENTS = YES;
				CLANG_WARN_EMPTY_BODY = YES;
				CLANG_WARN_ENUM_CONVERSION = YES;
				CLANG_WARN_INFINITE_RECURSION = YES;
				CLANG_WARN_INT_CONVERSION = YES;
				CLANG_WARN_NON_LITERAL_NULL_CONVERSION = YES;
				CLANG_WARN_OBJC_IMPLICIT_RETAIN_SELF = YES;
				CLANG_WARN_OBJC_LITERAL_CONVERSION = YES;
				CLANG_WARN_OBJC_ROOT_CLASS = YES_ERROR;
				CLANG_WARN_QUOTED_INCLUDE_IN_FRAMEWORK_HEADER = YES;
				CLANG_WARN_RANGE_LOOP_ANALYSIS = YES;
				CLANG_WARN_STRICT_PROTOTYPES = YES;
				CLANG_WARN_SUSPICIOUS_MOVE = YES;
				CLANG_WARN_UNGUARDED_AVAILABILITY = YES_AGGRESSIVE;
				CLANG_WARN_UNREACHABLE_CODE = YES;
				CLANG_WARN__DUPLICATE_METHOD_MATCH = YES;
				COPY_PHASE_STRIP = NO;
				DEBUG_INFORMATION_FORMAT = dwarf;
				ENABLE_STRICT_OBJC_MSGSEND = YES;
				ENABLE_TESTABILITY = YES;
				ENABLE_USER_SCRIPT_SANDBOXING = YES;
				GCC_C_LANGUAGE_STANDARD = gnu17;
				GCC_DYNAMIC_NO_PIC = NO;
				GCC_NO_COMMON_BLOCKS = YES;
				GCC_OPTIMIZATION_LEVEL = 0;
				GCC_PREPROCESSOR_DEFINITIONS = (
					"DEBUG=1",
					"$(inherited)",
				);
				GCC_WARN_64_TO_32_BIT_CONVERSION = YES;
				GCC_WARN_ABOUT_RETURN_TYPE = YES_ERROR;
				GCC_WARN_UNDECLARED_SELECTOR = YES;
				GCC_WARN_UNINITIALIZED_AUTOS = YES_AGGRESSIVE;
				GCC_WARN_UNUSED_FUNCTION = YES;
				GCC_WARN_UNUSED_VARIABLE = YES;
				LOCALIZATION_PREFERS_STRING_CATALOGS = YES;
				MTL_ENABLE_DEBUG_INFO = INCLUDE_SOURCE;
				MTL_FAST_MATH = YES;
				ONLY_ACTIVE_ARCH = YES;
				SWIFT_ACTIVE_COMPILATION_CONDITIONS = "DEBUG $(inherited)";
				SWIFT_OPTIMIZATION_LEVEL = "-Onone";
			};
			name = Debug;
		};
		4E4962FA2C398AC5004A0532 /* Release */ = {
			isa = XCBuildConfiguration;
			buildSettings = {
				ALWAYS_SEARCH_USER_PATHS = NO;
				ASSETCATALOG_COMPILER_GENERATE_SWIFT_ASSET_SYMBOL_EXTENSIONS = YES;
				CLANG_ANALYZER_NONNULL = YES;
				CLANG_ANALYZER_NUMBER_OBJECT_CONVERSION = YES_AGGRESSIVE;
				CLANG_CXX_LANGUAGE_STANDARD = "gnu++20";
				CLANG_ENABLE_MODULES = YES;
				CLANG_ENABLE_OBJC_ARC = YES;
				CLANG_ENABLE_OBJC_WEAK = YES;
				CLANG_WARN_BLOCK_CAPTURE_AUTORELEASING = YES;
				CLANG_WARN_BOOL_CONVERSION = YES;
				CLANG_WARN_COMMA = YES;
				CLANG_WARN_CONSTANT_CONVERSION = YES;
				CLANG_WARN_DEPRECATED_OBJC_IMPLEMENTATIONS = YES;
				CLANG_WARN_DIRECT_OBJC_ISA_USAGE = YES_ERROR;
				CLANG_WARN_DOCUMENTATION_COMMENTS = YES;
				CLANG_WARN_EMPTY_BODY = YES;
				CLANG_WARN_ENUM_CONVERSION = YES;
				CLANG_WARN_INFINITE_RECURSION = YES;
				CLANG_WARN_INT_CONVERSION = YES;
				CLANG_WARN_NON_LITERAL_NULL_CONVERSION = YES;
				CLANG_WARN_OBJC_IMPLICIT_RETAIN_SELF = YES;
				CLANG_WARN_OBJC_LITERAL_CONVERSION = YES;
				CLANG_WARN_OBJC_ROOT_CLASS = YES_ERROR;
				CLANG_WARN_QUOTED_INCLUDE_IN_FRAMEWORK_HEADER = YES;
				CLANG_WARN_RANGE_LOOP_ANALYSIS = YES;
				CLANG_WARN_STRICT_PROTOTYPES = YES;
				CLANG_WARN_SUSPICIOUS_MOVE = YES;
				CLANG_WARN_UNGUARDED_AVAILABILITY = YES_AGGRESSIVE;
				CLANG_WARN_UNREACHABLE_CODE = YES;
				CLANG_WARN__DUPLICATE_METHOD_MATCH = YES;
				COPY_PHASE_STRIP = NO;
				DEBUG_INFORMATION_FORMAT = "dwarf-with-dsym";
				ENABLE_NS_ASSERTIONS = NO;
				ENABLE_STRICT_OBJC_MSGSEND = YES;
				ENABLE_USER_SCRIPT_SANDBOXING = YES;
				GCC_C_LANGUAGE_STANDARD = gnu17;
				GCC_NO_COMMON_BLOCKS = YES;
				GCC_WARN_64_TO_32_BIT_CONVERSION = YES;
				GCC_WARN_ABOUT_RETURN_TYPE = YES_ERROR;
				GCC_WARN_UNDECLARED_SELECTOR = YES;
				GCC_WARN_UNINITIALIZED_AUTOS = YES_AGGRESSIVE;
				GCC_WARN_UNUSED_FUNCTION = YES;
				GCC_WARN_UNUSED_VARIABLE = YES;
				LOCALIZATION_PREFERS_STRING_CATALOGS = YES;
				MTL_ENABLE_DEBUG_INFO = NO;
				MTL_FAST_MATH = YES;
				SWIFT_COMPILATION_MODE = wholemodule;
			};
			name = Release;
		};
		4E4962FC2C398AC5004A0532 /* Debug */ = {
			isa = XCBuildConfiguration;
			buildSettings = {
				ASSETCATALOG_COMPILER_APPICON_NAME = AppIcon;
				ASSETCATALOG_COMPILER_GLOBAL_ACCENT_COLOR_NAME = AccentColor;
				CODE_SIGN_ENTITLEMENTS = "SwiftUI-Beginner/SwiftUI_Beginner.entitlements";
				CODE_SIGN_STYLE = Automatic;
				CURRENT_PROJECT_VERSION = 1;
				DEVELOPMENT_ASSET_PATHS = "\"SwiftUI-Beginner/Preview Content\"";
				ENABLE_PREVIEWS = YES;
				GENERATE_INFOPLIST_FILE = YES;
				"INFOPLIST_KEY_UIApplicationSceneManifest_Generation[sdk=iphoneos*]" = YES;
				"INFOPLIST_KEY_UIApplicationSceneManifest_Generation[sdk=iphonesimulator*]" = YES;
				"INFOPLIST_KEY_UIApplicationSupportsIndirectInputEvents[sdk=iphoneos*]" = YES;
				"INFOPLIST_KEY_UIApplicationSupportsIndirectInputEvents[sdk=iphonesimulator*]" = YES;
				"INFOPLIST_KEY_UILaunchScreen_Generation[sdk=iphoneos*]" = YES;
				"INFOPLIST_KEY_UILaunchScreen_Generation[sdk=iphonesimulator*]" = YES;
				"INFOPLIST_KEY_UIStatusBarStyle[sdk=iphoneos*]" = UIStatusBarStyleDefault;
				"INFOPLIST_KEY_UIStatusBarStyle[sdk=iphonesimulator*]" = UIStatusBarStyleDefault;
				INFOPLIST_KEY_UISupportedInterfaceOrientations_iPad = "UIInterfaceOrientationPortrait UIInterfaceOrientationPortraitUpsideDown UIInterfaceOrientationLandscapeLeft UIInterfaceOrientationLandscapeRight";
				INFOPLIST_KEY_UISupportedInterfaceOrientations_iPhone = "UIInterfaceOrientationPortrait UIInterfaceOrientationLandscapeLeft UIInterfaceOrientationLandscapeRight";
				IPHONEOS_DEPLOYMENT_TARGET = 17.4;
				LD_RUNPATH_SEARCH_PATHS = "@executable_path/Frameworks";
				"LD_RUNPATH_SEARCH_PATHS[sdk=macosx*]" = "@executable_path/../Frameworks";
				MACOSX_DEPLOYMENT_TARGET = 14.4;
				MARKETING_VERSION = 1.0;
				PRODUCT_BUNDLE_IDENTIFIER = "com.stcodesapp.SwiftUI-Beginner";
				PRODUCT_NAME = "$(TARGET_NAME)";
				SDKROOT = auto;
				SUPPORTED_PLATFORMS = "iphoneos iphonesimulator macosx";
				SWIFT_EMIT_LOC_STRINGS = YES;
				SWIFT_VERSION = 5.0;
				TARGETED_DEVICE_FAMILY = "1,2";
			};
			name = Debug;
		};
		4E4962FD2C398AC5004A0532 /* Release */ = {
			isa = XCBuildConfiguration;
			buildSettings = {
				ASSETCATALOG_COMPILER_APPICON_NAME = AppIcon;
				ASSETCATALOG_COMPILER_GLOBAL_ACCENT_COLOR_NAME = AccentColor;
				CODE_SIGN_ENTITLEMENTS = "SwiftUI-Beginner/SwiftUI_Beginner.entitlements";
				CODE_SIGN_STYLE = Automatic;
				CURRENT_PROJECT_VERSION = 1;
				DEVELOPMENT_ASSET_PATHS = "\"SwiftUI-Beginner/Preview Content\"";
				ENABLE_PREVIEWS = YES;
				GENERATE_INFOPLIST_FILE = YES;
				"INFOPLIST_KEY_UIApplicationSceneManifest_Generation[sdk=iphoneos*]" = YES;
				"INFOPLIST_KEY_UIApplicationSceneManifest_Generation[sdk=iphonesimulator*]" = YES;
				"INFOPLIST_KEY_UIApplicationSupportsIndirectInputEvents[sdk=iphoneos*]" = YES;
				"INFOPLIST_KEY_UIApplicationSupportsIndirectInputEvents[sdk=iphonesimulator*]" = YES;
				"INFOPLIST_KEY_UILaunchScreen_Generation[sdk=iphoneos*]" = YES;
				"INFOPLIST_KEY_UILaunchScreen_Generation[sdk=iphonesimulator*]" = YES;
				"INFOPLIST_KEY_UIStatusBarStyle[sdk=iphoneos*]" = UIStatusBarStyleDefault;
				"INFOPLIST_KEY_UIStatusBarStyle[sdk=iphonesimulator*]" = UIStatusBarStyleDefault;
				INFOPLIST_KEY_UISupportedInterfaceOrientations_iPad = "UIInterfaceOrientationPortrait UIInterfaceOrientationPortraitUpsideDown UIInterfaceOrientationLandscapeLeft UIInterfaceOrientationLandscapeRight";
				INFOPLIST_KEY_UISupportedInterfaceOrientations_iPhone = "UIInterfaceOrientationPortrait UIInterfaceOrientationLandscapeLeft UIInterfaceOrientationLandscapeRight";
				IPHONEOS_DEPLOYMENT_TARGET = 17.4;
				LD_RUNPATH_SEARCH_PATHS = "@executable_path/Frameworks";
				"LD_RUNPATH_SEARCH_PATHS[sdk=macosx*]" = "@executable_path/../Frameworks";
				MACOSX_DEPLOYMENT_TARGET = 14.4;
				MARKETING_VERSION = 1.0;
				PRODUCT_BUNDLE_IDENTIFIER = "com.stcodesapp.SwiftUI-Beginner";
				PRODUCT_NAME = "$(TARGET_NAME)";
				SDKROOT = auto;
				SUPPORTED_PLATFORMS = "iphoneos iphonesimulator macosx";
				SWIFT_EMIT_LOC_STRINGS = YES;
				SWIFT_VERSION = 5.0;
				TARGETED_DEVICE_FAMILY = "1,2";
			};
			name = Release;
		};
		4E4962FF2C398AC5004A0532 /* Debug */ = {
			isa = XCBuildConfiguration;
			buildSettings = {
				ALWAYS_EMBED_SWIFT_STANDARD_LIBRARIES = YES;
				BUNDLE_LOADER = "$(TEST_HOST)";
				CODE_SIGN_STYLE = Automatic;
				CURRENT_PROJECT_VERSION = 1;
				GENERATE_INFOPLIST_FILE = YES;
				IPHONEOS_DEPLOYMENT_TARGET = 17.4;
				MACOSX_DEPLOYMENT_TARGET = 14.4;
				MARKETING_VERSION = 1.0;
				PRODUCT_BUNDLE_IDENTIFIER = "com.stcodesapp.SwiftUI-BeginnerTests";
				PRODUCT_NAME = "$(TARGET_NAME)";
				SDKROOT = auto;
				SUPPORTED_PLATFORMS = "iphoneos iphonesimulator macosx";
				SWIFT_EMIT_LOC_STRINGS = NO;
				SWIFT_VERSION = 5.0;
				TARGETED_DEVICE_FAMILY = "1,2";
				TEST_HOST = "$(BUILT_PRODUCTS_DIR)/SwiftUI-Beginner.app/$(BUNDLE_EXECUTABLE_FOLDER_PATH)/SwiftUI-Beginner";
			};
			name = Debug;
		};
		4E4963002C398AC5004A0532 /* Release */ = {
			isa = XCBuildConfiguration;
			buildSettings = {
				ALWAYS_EMBED_SWIFT_STANDARD_LIBRARIES = YES;
				BUNDLE_LOADER = "$(TEST_HOST)";
				CODE_SIGN_STYLE = Automatic;
				CURRENT_PROJECT_VERSION = 1;
				GENERATE_INFOPLIST_FILE = YES;
				IPHONEOS_DEPLOYMENT_TARGET = 17.4;
				MACOSX_DEPLOYMENT_TARGET = 14.4;
				MARKETING_VERSION = 1.0;
				PRODUCT_BUNDLE_IDENTIFIER = "com.stcodesapp.SwiftUI-BeginnerTests";
				PRODUCT_NAME = "$(TARGET_NAME)";
				SDKROOT = auto;
				SUPPORTED_PLATFORMS = "iphoneos iphonesimulator macosx";
				SWIFT_EMIT_LOC_STRINGS = NO;
				SWIFT_VERSION = 5.0;
				TARGETED_DEVICE_FAMILY = "1,2";
				TEST_HOST = "$(BUILT_PRODUCTS_DIR)/SwiftUI-Beginner.app/$(BUNDLE_EXECUTABLE_FOLDER_PATH)/SwiftUI-Beginner";
			};
			name = Release;
		};
		4E4963022C398AC5004A0532 /* Debug */ = {
			isa = XCBuildConfiguration;
			buildSettings = {
				ALWAYS_EMBED_SWIFT_STANDARD_LIBRARIES = YES;
				CODE_SIGN_STYLE = Automatic;
				CURRENT_PROJECT_VERSION = 1;
				GENERATE_INFOPLIST_FILE = YES;
				IPHONEOS_DEPLOYMENT_TARGET = 17.4;
				MACOSX_DEPLOYMENT_TARGET = 14.4;
				MARKETING_VERSION = 1.0;
				PRODUCT_BUNDLE_IDENTIFIER = "com.stcodesapp.SwiftUI-BeginnerUITests";
				PRODUCT_NAME = "$(TARGET_NAME)";
				SDKROOT = auto;
				SUPPORTED_PLATFORMS = "iphoneos iphonesimulator macosx";
				SWIFT_EMIT_LOC_STRINGS = NO;
				SWIFT_VERSION = 5.0;
				TARGETED_DEVICE_FAMILY = "1,2";
				TEST_TARGET_NAME = "SwiftUI-Beginner";
			};
			name = Debug;
		};
		4E4963032C398AC5004A0532 /* Release */ = {
			isa = XCBuildConfiguration;
			buildSettings = {
				ALWAYS_EMBED_SWIFT_STANDARD_LIBRARIES = YES;
				CODE_SIGN_STYLE = Automatic;
				CURRENT_PROJECT_VERSION = 1;
				GENERATE_INFOPLIST_FILE = YES;
				IPHONEOS_DEPLOYMENT_TARGET = 17.4;
				MACOSX_DEPLOYMENT_TARGET = 14.4;
				MARKETING_VERSION = 1.0;
				PRODUCT_BUNDLE_IDENTIFIER = "com.stcodesapp.SwiftUI-BeginnerUITests";
				PRODUCT_NAME = "$(TARGET_NAME)";
				SDKROOT = auto;
				SUPPORTED_PLATFORMS = "iphoneos iphonesimulator macosx";
				SWIFT_EMIT_LOC_STRINGS = NO;
				SWIFT_VERSION = 5.0;
				TARGETED_DEVICE_FAMILY = "1,2";
				TEST_TARGET_NAME = "SwiftUI-Beginner";
			};
			name = Release;
		};
/* End XCBuildConfiguration section */

/* Begin XCConfigurationList section */
		4E4962D12C398AC3004A0532 /* Build configuration list for PBXProject "SwiftUI-Beginner" */ = {
			isa = XCConfigurationList;
			buildConfigurations = (
				4E4962F92C398AC5004A0532 /* Debug */,
				4E4962FA2C398AC5004A0532 /* Release */,
			);
			defaultConfigurationIsVisible = 0;
			defaultConfigurationName = Release;
		};
		4E4962FB2C398AC5004A0532 /* Build configuration list for PBXNativeTarget "SwiftUI-Beginner" */ = {
			isa = XCConfigurationList;
			buildConfigurations = (
				4E4962FC2C398AC5004A0532 /* Debug */,
				4E4962FD2C398AC5004A0532 /* Release */,
			);
			defaultConfigurationIsVisible = 0;
			defaultConfigurationName = Release;
		};
		4E4962FE2C398AC5004A0532 /* Build configuration list for PBXNativeTarget "SwiftUI-BeginnerTests" */ = {
			isa = XCConfigurationList;
			buildConfigurations = (
				4E4962FF2C398AC5004A0532 /* Debug */,
				4E4963002C398AC5004A0532 /* Release */,
			);
			defaultConfigurationIsVisible = 0;
			defaultConfigurationName = Release;
		};
		4E4963012C398AC5004A0532 /* Build configuration list for PBXNativeTarget "SwiftUI-BeginnerUITests" */ = {
			isa = XCConfigurationList;
			buildConfigurations = (
				4E4963022C398AC5004A0532 /* Debug */,
				4E4963032C398AC5004A0532 /* Release */,
			);
			defaultConfigurationIsVisible = 0;
			defaultConfigurationName = Release;
		};
/* End XCConfigurationList section */

/* Begin XCVersionGroup section */
		4EFB1E6F2C7E4EA100518E89 /* FruitsDataModel.xcdatamodeld */ = {
			isa = XCVersionGroup;
			children = (
				4EFB1E702C7E4EA100518E89 /* FruitsDataModel.xcdatamodel */,
			);
			currentVersion = 4EFB1E702C7E4EA100518E89 /* FruitsDataModel.xcdatamodel */;
			name = FruitsDataModel.xcdatamodeld;
			path = "/Users/shadatmufakhkhartonmoy/Desktop/Codes/Learning/SwiftUILearning/SwiftUI-Beginner/SwiftUI-Beginner/GridTest/CoreDataTest/FruitsDataModel.xcdatamodeld";
			sourceTree = "<group>";
			versionGroupType = wrapper.xcdatamodel;
		};
/* End XCVersionGroup section */
	};
	rootObject = 4E4962CE2C398AC3004A0532 /* Project object */;
}
